
Microsoft Visual Studio Solution File, Format Version 12.00
# Visual Studio Version 17
VisualStudioVersion = 17.14.36221.1 d17.14
MinimumVisualStudioVersion = 10.0.40219.1
Project("{FAE04EC0-301F-11D3-BF4B-00C04F79EFBC}") = "TP_MODUL3_103022400119", "TP_MODUL3_103022400119\TP_MODUL3_103022400119.csproj", "{FC99EC23-34AC-4E9F-8633-C8145343DFC6}"
EndProject
Global
	GlobalSection(SolutionConfigurationPlatforms) = preSolution
		Debug|Any CPU = Debug|Any CPU
		Release|Any CPU = Release|Any CPU
	EndGlobalSection
	GlobalSection(ProjectConfigurationPlatforms) = postSolution
		{FC99EC23-34AC-4E9F-8633-C8145343DFC6}.Debug|Any CPU.ActiveCfg = Debug|Any CPU
		{FC99EC23-34AC-4E9F-8633-C8145343DFC6}.Debug|Any CPU.Build.0 = Debug|Any CPU
		{FC99EC23-34AC-4E9F-8633-C8145343DFC6}.Release|Any CPU.ActiveCfg = Release|Any CPU
		{FC99EC23-34AC-4E9F-8633-C8145343DFC6}.Release|Any CPU.Build.0 = Release|Any CPU
	EndGlobalSection
	GlobalSection(SolutionProperties) = preSolution
		HideSolutionNode = FALSE
	EndGlobalSection
	GlobalSection(ExtensibilityGlobals) = postSolution
		SolutionGuid = {C0D892E9-09A1-45AB-A779-955B11F0B887}
	EndGlobalSection
EndGlobal
